
Microsoft Visual Studio Solution File, Format Version 12.00
# Visual Studio Version 17
VisualStudioVersion = 17.8.34309.116
MinimumVisualStudioVersion = 10.0.40219.1
Project("{9A19103F-16F7-4668-BE54-9A1E7A4F7556}") = "heranca_ordem-de-execucao-de-construtores", "heranca_ordem-de-execucao-de-construtores.csproj", "{43DC1026-A373-4F4F-BE3C-DF776C3D5B37}"
EndProject
Global
	GlobalSection(SolutionConfigurationPlatforms) = preSolution
		Debug|Any CPU = Debug|Any CPU
		Release|Any CPU = Release|Any CPU
	EndGlobalSection
	GlobalSection(ProjectConfigurationPlatforms) = postSolution
		{43DC1026-A373-4F4F-BE3C-DF776C3D5B37}.Debug|Any CPU.ActiveCfg = Debug|Any CPU
		{43DC1026-A373-4F4F-BE3C-DF776C3D5B37}.Debug|Any CPU.Build.0 = Debug|Any CPU
		{43DC1026-A373-4F4F-BE3C-DF776C3D5B37}.Release|Any CPU.ActiveCfg = Release|Any CPU
		{43DC1026-A373-4F4F-BE3C-DF776C3D5B37}.Release|Any CPU.Build.0 = Release|Any CPU
	EndGlobalSection
	GlobalSection(SolutionProperties) = preSolution
		HideSolutionNode = FALSE
	EndGlobalSection
	GlobalSection(ExtensibilityGlobals) = postSolution
		SolutionGuid = {13809BE9-9B09-459A-BDAE-11808AF6351D}
	EndGlobalSection
EndGlobal
