
Microsoft Visual Studio Solution File, Format Version 12.00
# Visual Studio Version 17
VisualStudioVersion = 17.8.34309.116
MinimumVisualStudioVersion = 10.0.40219.1
Project("{9A19103F-16F7-4668-BE54-9A1E7A4F7556}") = "heranca", "heranca.csproj", "{0EB6840B-9BC6-4F6A-962F-8CDB52D89631}"
EndProject
Global
	GlobalSection(SolutionConfigurationPlatforms) = preSolution
		Debug|Any CPU = Debug|Any CPU
		Release|Any CPU = Release|Any CPU
	EndGlobalSection
	GlobalSection(ProjectConfigurationPlatforms) = postSolution
		{0EB6840B-9BC6-4F6A-962F-8CDB52D89631}.Debug|Any CPU.ActiveCfg = Debug|Any CPU
		{0EB6840B-9BC6-4F6A-962F-8CDB52D89631}.Debug|Any CPU.Build.0 = Debug|Any CPU
		{0EB6840B-9BC6-4F6A-962F-8CDB52D89631}.Release|Any CPU.ActiveCfg = Release|Any CPU
		{0EB6840B-9BC6-4F6A-962F-8CDB52D89631}.Release|Any CPU.Build.0 = Release|Any CPU
	EndGlobalSection
	GlobalSection(SolutionProperties) = preSolution
		HideSolutionNode = FALSE
	EndGlobalSection
	GlobalSection(ExtensibilityGlobals) = postSolution
		SolutionGuid = {5404F3F6-75C6-4DA4-AD84-800138C3403F}
	EndGlobalSection
EndGlobal
