
Microsoft Visual Studio Solution File, Format Version 12.00
# Visual Studio Version 17
VisualStudioVersion = 17.8.34309.116
MinimumVisualStudioVersion = 10.0.40219.1
Project("{9A19103F-16F7-4668-BE54-9A1E7A4F7556}") = "formatacao_saida", "formatacao_saida.csproj", "{C8F34B41-AA68-4AC3-86AF-CD9C247F7453}"
EndProject
Global
	GlobalSection(SolutionConfigurationPlatforms) = preSolution
		Debug|Any CPU = Debug|Any CPU
		Release|Any CPU = Release|Any CPU
	EndGlobalSection
	GlobalSection(ProjectConfigurationPlatforms) = postSolution
		{C8F34B41-AA68-4AC3-86AF-CD9C247F7453}.Debug|Any CPU.ActiveCfg = Debug|Any CPU
		{C8F34B41-AA68-4AC3-86AF-CD9C247F7453}.Debug|Any CPU.Build.0 = Debug|Any CPU
		{C8F34B41-AA68-4AC3-86AF-CD9C247F7453}.Release|Any CPU.ActiveCfg = Release|Any CPU
		{C8F34B41-AA68-4AC3-86AF-CD9C247F7453}.Release|Any CPU.Build.0 = Release|Any CPU
	EndGlobalSection
	GlobalSection(SolutionProperties) = preSolution
		HideSolutionNode = FALSE
	EndGlobalSection
	GlobalSection(ExtensibilityGlobals) = postSolution
		SolutionGuid = {592DBD53-4300-46A4-9000-ED5B6119FA95}
	EndGlobalSection
EndGlobal
