
Microsoft Visual Studio Solution File, Format Version 12.00
# Visual Studio Version 17
VisualStudioVersion = 17.5.002.0
MinimumVisualStudioVersion = 10.0.40219.1
Project("{9A19103F-16F7-4668-BE54-9A1E7A4F7556}") = "Cronometro", "Cronometro.csproj", "{DA23BDA5-4B4E-43F9-ABE1-E33DDD98A4FC}"
EndProject
Global
	GlobalSection(SolutionConfigurationPlatforms) = preSolution
		Debug|Any CPU = Debug|Any CPU
		Release|Any CPU = Release|Any CPU
	EndGlobalSection
	GlobalSection(ProjectConfigurationPlatforms) = postSolution
		{DA23BDA5-4B4E-43F9-ABE1-E33DDD98A4FC}.Debug|Any CPU.ActiveCfg = Debug|Any CPU
		{DA23BDA5-4B4E-43F9-ABE1-E33DDD98A4FC}.Debug|Any CPU.Build.0 = Debug|Any CPU
		{DA23BDA5-4B4E-43F9-ABE1-E33DDD98A4FC}.Release|Any CPU.ActiveCfg = Release|Any CPU
		{DA23BDA5-4B4E-43F9-ABE1-E33DDD98A4FC}.Release|Any CPU.Build.0 = Release|Any CPU
	EndGlobalSection
	GlobalSection(SolutionProperties) = preSolution
		HideSolutionNode = FALSE
	EndGlobalSection
	GlobalSection(ExtensibilityGlobals) = postSolution
		SolutionGuid = {C1E0B49C-9259-4FC0-AE58-2A54DF0B56E0}
	EndGlobalSection
EndGlobal
