
Microsoft Visual Studio Solution File, Format Version 12.00
# Visual Studio Version 17
VisualStudioVersion = 17.8.34309.116
MinimumVisualStudioVersion = 10.0.40219.1
Project("{9A19103F-16F7-4668-BE54-9A1E7A4F7556}") = "switch_case", "switch_case.csproj", "{91AC8F5C-BBD4-4120-8397-CBD9A3B8F64E}"
EndProject
Global
	GlobalSection(SolutionConfigurationPlatforms) = preSolution
		Debug|Any CPU = Debug|Any CPU
		Release|Any CPU = Release|Any CPU
	EndGlobalSection
	GlobalSection(ProjectConfigurationPlatforms) = postSolution
		{91AC8F5C-BBD4-4120-8397-CBD9A3B8F64E}.Debug|Any CPU.ActiveCfg = Debug|Any CPU
		{91AC8F5C-BBD4-4120-8397-CBD9A3B8F64E}.Debug|Any CPU.Build.0 = Debug|Any CPU
		{91AC8F5C-BBD4-4120-8397-CBD9A3B8F64E}.Release|Any CPU.ActiveCfg = Release|Any CPU
		{91AC8F5C-BBD4-4120-8397-CBD9A3B8F64E}.Release|Any CPU.Build.0 = Release|Any CPU
	EndGlobalSection
	GlobalSection(SolutionProperties) = preSolution
		HideSolutionNode = FALSE
	EndGlobalSection
	GlobalSection(ExtensibilityGlobals) = postSolution
		SolutionGuid = {D5509A5E-8930-4F3D-A545-2C46E3A11625}
	EndGlobalSection
EndGlobal
