
Microsoft Visual Studio Solution File, Format Version 12.00
# Visual Studio Version 17
VisualStudioVersion = 17.8.34309.116
MinimumVisualStudioVersion = 10.0.40219.1
Project("{9A19103F-16F7-4668-BE54-9A1E7A4F7556}") = "metodos", "metodos.csproj", "{A466598C-383E-4E4B-AA40-6F53A3420817}"
EndProject
Global
	GlobalSection(SolutionConfigurationPlatforms) = preSolution
		Debug|Any CPU = Debug|Any CPU
		Release|Any CPU = Release|Any CPU
	EndGlobalSection
	GlobalSection(ProjectConfigurationPlatforms) = postSolution
		{A466598C-383E-4E4B-AA40-6F53A3420817}.Debug|Any CPU.ActiveCfg = Debug|Any CPU
		{A466598C-383E-4E4B-AA40-6F53A3420817}.Debug|Any CPU.Build.0 = Debug|Any CPU
		{A466598C-383E-4E4B-AA40-6F53A3420817}.Release|Any CPU.ActiveCfg = Release|Any CPU
		{A466598C-383E-4E4B-AA40-6F53A3420817}.Release|Any CPU.Build.0 = Release|Any CPU
	EndGlobalSection
	GlobalSection(SolutionProperties) = preSolution
		HideSolutionNode = FALSE
	EndGlobalSection
	GlobalSection(ExtensibilityGlobals) = postSolution
		SolutionGuid = {87E46962-6D2E-4AFF-88DA-2737E08F174A}
	EndGlobalSection
EndGlobal
