
Microsoft Visual Studio Solution File, Format Version 12.00
# Visual Studio Version 17
VisualStudioVersion = 17.8.34309.116
MinimumVisualStudioVersion = 10.0.40219.1
Project("{9A19103F-16F7-4668-BE54-9A1E7A4F7556}") = "classes_static", "classes_static.csproj", "{76005BC0-C10D-4EF9-943C-FB0A8F624433}"
EndProject
Global
	GlobalSection(SolutionConfigurationPlatforms) = preSolution
		Debug|Any CPU = Debug|Any CPU
		Release|Any CPU = Release|Any CPU
	EndGlobalSection
	GlobalSection(ProjectConfigurationPlatforms) = postSolution
		{76005BC0-C10D-4EF9-943C-FB0A8F624433}.Debug|Any CPU.ActiveCfg = Debug|Any CPU
		{76005BC0-C10D-4EF9-943C-FB0A8F624433}.Debug|Any CPU.Build.0 = Debug|Any CPU
		{76005BC0-C10D-4EF9-943C-FB0A8F624433}.Release|Any CPU.ActiveCfg = Release|Any CPU
		{76005BC0-C10D-4EF9-943C-FB0A8F624433}.Release|Any CPU.Build.0 = Release|Any CPU
	EndGlobalSection
	GlobalSection(SolutionProperties) = preSolution
		HideSolutionNode = FALSE
	EndGlobalSection
	GlobalSection(ExtensibilityGlobals) = postSolution
		SolutionGuid = {F7191C26-86EB-48CB-8026-49C21B50B466}
	EndGlobalSection
EndGlobal
