
Microsoft Visual Studio Solution File, Format Version 12.00
# Visual Studio Version 17
VisualStudioVersion = 17.8.34309.116
MinimumVisualStudioVersion = 10.0.40219.1
Project("{9A19103F-16F7-4668-BE54-9A1E7A4F7556}") = "ref", "ref.csproj", "{765CD98E-B77C-45EE-A5FD-0C35B8FCADE8}"
EndProject
Global
	GlobalSection(SolutionConfigurationPlatforms) = preSolution
		Debug|Any CPU = Debug|Any CPU
		Release|Any CPU = Release|Any CPU
	EndGlobalSection
	GlobalSection(ProjectConfigurationPlatforms) = postSolution
		{765CD98E-B77C-45EE-A5FD-0C35B8FCADE8}.Debug|Any CPU.ActiveCfg = Debug|Any CPU
		{765CD98E-B77C-45EE-A5FD-0C35B8FCADE8}.Debug|Any CPU.Build.0 = Debug|Any CPU
		{765CD98E-B77C-45EE-A5FD-0C35B8FCADE8}.Release|Any CPU.ActiveCfg = Release|Any CPU
		{765CD98E-B77C-45EE-A5FD-0C35B8FCADE8}.Release|Any CPU.Build.0 = Release|Any CPU
	EndGlobalSection
	GlobalSection(SolutionProperties) = preSolution
		HideSolutionNode = FALSE
	EndGlobalSection
	GlobalSection(ExtensibilityGlobals) = postSolution
		SolutionGuid = {5CB27A24-3940-4F4F-B8D9-C50825C07913}
	EndGlobalSection
EndGlobal
