
Microsoft Visual Studio Solution File, Format Version 12.00
# Visual Studio Version 17
VisualStudioVersion = 17.8.34309.116
MinimumVisualStudioVersion = 10.0.40219.1
Project("{9A19103F-16F7-4668-BE54-9A1E7A4F7556}") = "public_private", "public_private.csproj", "{88DE255B-B303-46AE-A4FB-E9905F39F498}"
EndProject
Global
	GlobalSection(SolutionConfigurationPlatforms) = preSolution
		Debug|Any CPU = Debug|Any CPU
		Release|Any CPU = Release|Any CPU
	EndGlobalSection
	GlobalSection(ProjectConfigurationPlatforms) = postSolution
		{88DE255B-B303-46AE-A4FB-E9905F39F498}.Debug|Any CPU.ActiveCfg = Debug|Any CPU
		{88DE255B-B303-46AE-A4FB-E9905F39F498}.Debug|Any CPU.Build.0 = Debug|Any CPU
		{88DE255B-B303-46AE-A4FB-E9905F39F498}.Release|Any CPU.ActiveCfg = Release|Any CPU
		{88DE255B-B303-46AE-A4FB-E9905F39F498}.Release|Any CPU.Build.0 = Release|Any CPU
	EndGlobalSection
	GlobalSection(SolutionProperties) = preSolution
		HideSolutionNode = FALSE
	EndGlobalSection
	GlobalSection(ExtensibilityGlobals) = postSolution
		SolutionGuid = {05E8F66D-D5D0-4B29-9845-F3557C9F8646}
	EndGlobalSection
EndGlobal
