
Microsoft Visual Studio Solution File, Format Version 12.00
# Visual Studio Version 17
VisualStudioVersion = 17.8.34309.116
MinimumVisualStudioVersion = 10.0.40219.1
Project("{9A19103F-16F7-4668-BE54-9A1E7A4F7556}") = "classes_metodos-abstratos", "classes_metodos-abstratos.csproj", "{5BF8DB66-375A-4E9A-AC30-F9D75CCE8029}"
EndProject
Global
	GlobalSection(SolutionConfigurationPlatforms) = preSolution
		Debug|Any CPU = Debug|Any CPU
		Release|Any CPU = Release|Any CPU
	EndGlobalSection
	GlobalSection(ProjectConfigurationPlatforms) = postSolution
		{5BF8DB66-375A-4E9A-AC30-F9D75CCE8029}.Debug|Any CPU.ActiveCfg = Debug|Any CPU
		{5BF8DB66-375A-4E9A-AC30-F9D75CCE8029}.Debug|Any CPU.Build.0 = Debug|Any CPU
		{5BF8DB66-375A-4E9A-AC30-F9D75CCE8029}.Release|Any CPU.ActiveCfg = Release|Any CPU
		{5BF8DB66-375A-4E9A-AC30-F9D75CCE8029}.Release|Any CPU.Build.0 = Release|Any CPU
	EndGlobalSection
	GlobalSection(SolutionProperties) = preSolution
		HideSolutionNode = FALSE
	EndGlobalSection
	GlobalSection(ExtensibilityGlobals) = postSolution
		SolutionGuid = {BFCF6A6A-8F39-4D33-AFF4-EBA3CDBE8FB4}
	EndGlobalSection
EndGlobal
