
Microsoft Visual Studio Solution File, Format Version 12.00
# Visual Studio Version 17
VisualStudioVersion = 17.8.34309.116
MinimumVisualStudioVersion = 10.0.40219.1
Project("{9A19103F-16F7-4668-BE54-9A1E7A4F7556}") = "metodos_virtuais", "metodos_virtuais.csproj", "{0C3F8F6A-10AD-4250-8908-E14A82915D40}"
EndProject
Global
	GlobalSection(SolutionConfigurationPlatforms) = preSolution
		Debug|Any CPU = Debug|Any CPU
		Release|Any CPU = Release|Any CPU
	EndGlobalSection
	GlobalSection(ProjectConfigurationPlatforms) = postSolution
		{0C3F8F6A-10AD-4250-8908-E14A82915D40}.Debug|Any CPU.ActiveCfg = Debug|Any CPU
		{0C3F8F6A-10AD-4250-8908-E14A82915D40}.Debug|Any CPU.Build.0 = Debug|Any CPU
		{0C3F8F6A-10AD-4250-8908-E14A82915D40}.Release|Any CPU.ActiveCfg = Release|Any CPU
		{0C3F8F6A-10AD-4250-8908-E14A82915D40}.Release|Any CPU.Build.0 = Release|Any CPU
	EndGlobalSection
	GlobalSection(SolutionProperties) = preSolution
		HideSolutionNode = FALSE
	EndGlobalSection
	GlobalSection(ExtensibilityGlobals) = postSolution
		SolutionGuid = {123BEE20-1477-4027-9349-8FB275503315}
	EndGlobalSection
EndGlobal
