
Microsoft Visual Studio Solution File, Format Version 12.00
# Visual Studio Version 17
VisualStudioVersion = 17.5.002.0
MinimumVisualStudioVersion = 10.0.40219.1
Project("{9A19103F-16F7-4668-BE54-9A1E7A4F7556}") = "dictionary", "dictionary\dictionary.csproj", "{9E8447D5-90EE-4A74-9CEF-6A295B56529F}"
EndProject
Project("{9A19103F-16F7-4668-BE54-9A1E7A4F7556}") = "linkedlist", "linkedlist\linkedlist.csproj", "{62CEE58A-FC6D-4427-9BB5-ECE07A93F262}"
EndProject
Global
	GlobalSection(SolutionConfigurationPlatforms) = preSolution
		Debug|Any CPU = Debug|Any CPU
		Release|Any CPU = Release|Any CPU
	EndGlobalSection
	GlobalSection(ProjectConfigurationPlatforms) = postSolution
		{9E8447D5-90EE-4A74-9CEF-6A295B56529F}.Debug|Any CPU.ActiveCfg = Debug|Any CPU
		{9E8447D5-90EE-4A74-9CEF-6A295B56529F}.Debug|Any CPU.Build.0 = Debug|Any CPU
		{9E8447D5-90EE-4A74-9CEF-6A295B56529F}.Release|Any CPU.ActiveCfg = Release|Any CPU
		{9E8447D5-90EE-4A74-9CEF-6A295B56529F}.Release|Any CPU.Build.0 = Release|Any CPU
		{62CEE58A-FC6D-4427-9BB5-ECE07A93F262}.Debug|Any CPU.ActiveCfg = Debug|Any CPU
		{62CEE58A-FC6D-4427-9BB5-ECE07A93F262}.Debug|Any CPU.Build.0 = Debug|Any CPU
		{62CEE58A-FC6D-4427-9BB5-ECE07A93F262}.Release|Any CPU.ActiveCfg = Release|Any CPU
		{62CEE58A-FC6D-4427-9BB5-ECE07A93F262}.Release|Any CPU.Build.0 = Release|Any CPU
	EndGlobalSection
	GlobalSection(SolutionProperties) = preSolution
		HideSolutionNode = FALSE
	EndGlobalSection
	GlobalSection(ExtensibilityGlobals) = postSolution
		SolutionGuid = {CB572890-06EF-4411-9C94-0F03DCB74894}
	EndGlobalSection
EndGlobal
