
Microsoft Visual Studio Solution File, Format Version 12.00
# Visual Studio Version 17
VisualStudioVersion = 17.8.34309.116
MinimumVisualStudioVersion = 10.0.40219.1
Project("{9A19103F-16F7-4668-BE54-9A1E7A4F7556}") = "interfaces", "interfaces.csproj", "{3FAC7359-57E4-45D2-90FB-2643F1728DD3}"
EndProject
Global
	GlobalSection(SolutionConfigurationPlatforms) = preSolution
		Debug|Any CPU = Debug|Any CPU
		Release|Any CPU = Release|Any CPU
	EndGlobalSection
	GlobalSection(ProjectConfigurationPlatforms) = postSolution
		{3FAC7359-57E4-45D2-90FB-2643F1728DD3}.Debug|Any CPU.ActiveCfg = Debug|Any CPU
		{3FAC7359-57E4-45D2-90FB-2643F1728DD3}.Debug|Any CPU.Build.0 = Debug|Any CPU
		{3FAC7359-57E4-45D2-90FB-2643F1728DD3}.Release|Any CPU.ActiveCfg = Release|Any CPU
		{3FAC7359-57E4-45D2-90FB-2643F1728DD3}.Release|Any CPU.Build.0 = Release|Any CPU
	EndGlobalSection
	GlobalSection(SolutionProperties) = preSolution
		HideSolutionNode = FALSE
	EndGlobalSection
	GlobalSection(ExtensibilityGlobals) = postSolution
		SolutionGuid = {1DE8A6D1-8994-4F0C-B1CA-75FCB2F62765}
	EndGlobalSection
EndGlobal
